
Microsoft Visual Studio Solution File, Format Version 12.00
# Visual Studio Version 17
VisualStudioVersion = 17.1.32210.238
MinimumVisualStudioVersion = 10.0.40219.1
Project("{FAE04EC0-301F-11D3-BF4B-00C04F79EFBC}") = "Activiy 6", "Activiy 6.csproj", "{D71C23F2-A4FA-44AB-B52E-DEC00A48A613}"
EndProject
Global
	GlobalSection(SolutionConfigurationPlatforms) = preSolution
		Debug|Any CPU = Debug|Any CPU
		Release|Any CPU = Release|Any CPU
	EndGlobalSection
	GlobalSection(ProjectConfigurationPlatforms) = postSolution
		{D71C23F2-A4FA-44AB-B52E-DEC00A48A613}.Debug|Any CPU.ActiveCfg = Debug|Any CPU
		{D71C23F2-A4FA-44AB-B52E-DEC00A48A613}.Debug|Any CPU.Build.0 = Debug|Any CPU
		{D71C23F2-A4FA-44AB-B52E-DEC00A48A613}.Release|Any CPU.ActiveCfg = Release|Any CPU
		{D71C23F2-A4FA-44AB-B52E-DEC00A48A613}.Release|Any CPU.Build.0 = Release|Any CPU
	EndGlobalSection
	GlobalSection(SolutionProperties) = preSolution
		HideSolutionNode = FALSE
	EndGlobalSection
	GlobalSection(ExtensibilityGlobals) = postSolution
		SolutionGuid = {088974E5-B904-4758-94A9-30CE7C19DBB4}
	EndGlobalSection
EndGlobal
