
Microsoft Visual Studio Solution File, Format Version 12.00
# Visual Studio Version 17
VisualStudioVersion = 17.1.32210.238
MinimumVisualStudioVersion = 10.0.40219.1
Project("{FAE04EC0-301F-11D3-BF4B-00C04F79EFBC}") = "Activity2", "Activity2\Activity2.csproj", "{F1C6B3B0-79A2-4373-9993-7EF5FB246F94}"
EndProject
Global
	GlobalSection(SolutionConfigurationPlatforms) = preSolution
		Debug|Any CPU = Debug|Any CPU
		Release|Any CPU = Release|Any CPU
	EndGlobalSection
	GlobalSection(ProjectConfigurationPlatforms) = postSolution
		{F1C6B3B0-79A2-4373-9993-7EF5FB246F94}.Debug|Any CPU.ActiveCfg = Debug|Any CPU
		{F1C6B3B0-79A2-4373-9993-7EF5FB246F94}.Debug|Any CPU.Build.0 = Debug|Any CPU
		{F1C6B3B0-79A2-4373-9993-7EF5FB246F94}.Release|Any CPU.ActiveCfg = Release|Any CPU
		{F1C6B3B0-79A2-4373-9993-7EF5FB246F94}.Release|Any CPU.Build.0 = Release|Any CPU
	EndGlobalSection
	GlobalSection(SolutionProperties) = preSolution
		HideSolutionNode = FALSE
	EndGlobalSection
	GlobalSection(ExtensibilityGlobals) = postSolution
		SolutionGuid = {DCCB04CF-1DFA-42AE-9BC1-C8C00E46AE29}
	EndGlobalSection
EndGlobal
