
Microsoft Visual Studio Solution File, Format Version 12.00
# Visual Studio Version 17
VisualStudioVersion = 17.1.32210.238
MinimumVisualStudioVersion = 10.0.40219.1
Project("{FAE04EC0-301F-11D3-BF4B-00C04F79EFBC}") = "Activity1", "Activity1\Activity1.csproj", "{246A0B8E-6422-4124-A7C3-0A23657FFC12}"
EndProject
Global
	GlobalSection(SolutionConfigurationPlatforms) = preSolution
		Debug|Any CPU = Debug|Any CPU
		Release|Any CPU = Release|Any CPU
	EndGlobalSection
	GlobalSection(ProjectConfigurationPlatforms) = postSolution
		{246A0B8E-6422-4124-A7C3-0A23657FFC12}.Debug|Any CPU.ActiveCfg = Debug|Any CPU
		{246A0B8E-6422-4124-A7C3-0A23657FFC12}.Debug|Any CPU.Build.0 = Debug|Any CPU
		{246A0B8E-6422-4124-A7C3-0A23657FFC12}.Release|Any CPU.ActiveCfg = Release|Any CPU
		{246A0B8E-6422-4124-A7C3-0A23657FFC12}.Release|Any CPU.Build.0 = Release|Any CPU
	EndGlobalSection
	GlobalSection(SolutionProperties) = preSolution
		HideSolutionNode = FALSE
	EndGlobalSection
	GlobalSection(ExtensibilityGlobals) = postSolution
		SolutionGuid = {24A95B7E-BF88-49FE-8AC1-652C4FB054E2}
	EndGlobalSection
EndGlobal
